
Microsoft Visual Studio Solution File, Format Version 12.00
# Visual Studio Version 16
VisualStudioVersion = 16.0.32002.261
MinimumVisualStudioVersion = 10.0.40219.1
Project("{FAE04EC0-301F-11D3-BF4B-00C04F79EFBC}") = "FirstASPWebApp", "FirstASPWebApp\FirstASPWebApp.csproj", "{DE70B226-58E5-4A61-B9A4-7A78B682A979}"
EndProject
Global
	GlobalSection(SolutionConfigurationPlatforms) = preSolution
		Debug|Any CPU = Debug|Any CPU
		Release|Any CPU = Release|Any CPU
	EndGlobalSection
	GlobalSection(ProjectConfigurationPlatforms) = postSolution
		{DE70B226-58E5-4A61-B9A4-7A78B682A979}.Debug|Any CPU.ActiveCfg = Debug|Any CPU
		{DE70B226-58E5-4A61-B9A4-7A78B682A979}.Debug|Any CPU.Build.0 = Debug|Any CPU
		{DE70B226-58E5-4A61-B9A4-7A78B682A979}.Release|Any CPU.ActiveCfg = Release|Any CPU
		{DE70B226-58E5-4A61-B9A4-7A78B682A979}.Release|Any CPU.Build.0 = Release|Any CPU
	EndGlobalSection
	GlobalSection(SolutionProperties) = preSolution
		HideSolutionNode = FALSE
	EndGlobalSection
	GlobalSection(ExtensibilityGlobals) = postSolution
		SolutionGuid = {385A2970-5A32-4AC1-B572-1EDA5E742147}
	EndGlobalSection
EndGlobal
